
Microsoft Visual Studio Solution File, Format Version 12.00
# Visual Studio Version 17
VisualStudioVersion = 17.3.32811.315
MinimumVisualStudioVersion = 10.0.40219.1
Project("{9A19103F-16F7-4668-BE54-9A1E7A4F7556}") = "TCAPArchive.App", "TCAPArchive.App\TCAPArchive.App.csproj", "{838E3C39-7FE6-4EFB-9E42-F09F39FDF4DC}"
EndProject
Project("{9A19103F-16F7-4668-BE54-9A1E7A4F7556}") = "TCAPArchive.Shared", "TCAPArchive.Shared\TCAPArchive.Shared.csproj", "{A3D2ADC4-6159-4C11-90DF-DCC0264346B8}"
EndProject
Project("{9A19103F-16F7-4668-BE54-9A1E7A4F7556}") = "TCAPArchive.Api", "TCAPArchive.Api\TCAPArchive.Api.csproj", "{0AA0392E-4454-4F1B-9FA9-90733668A655}"
EndProject
Global
	GlobalSection(SolutionConfigurationPlatforms) = preSolution
		Debug|Any CPU = Debug|Any CPU
		Release|Any CPU = Release|Any CPU
	EndGlobalSection
	GlobalSection(ProjectConfigurationPlatforms) = postSolution
		{838E3C39-7FE6-4EFB-9E42-F09F39FDF4DC}.Debug|Any CPU.ActiveCfg = Debug|Any CPU
		{838E3C39-7FE6-4EFB-9E42-F09F39FDF4DC}.Debug|Any CPU.Build.0 = Debug|Any CPU
		{838E3C39-7FE6-4EFB-9E42-F09F39FDF4DC}.Release|Any CPU.ActiveCfg = Release|Any CPU
		{838E3C39-7FE6-4EFB-9E42-F09F39FDF4DC}.Release|Any CPU.Build.0 = Release|Any CPU
		{A3D2ADC4-6159-4C11-90DF-DCC0264346B8}.Debug|Any CPU.ActiveCfg = Debug|Any CPU
		{A3D2ADC4-6159-4C11-90DF-DCC0264346B8}.Debug|Any CPU.Build.0 = Debug|Any CPU
		{A3D2ADC4-6159-4C11-90DF-DCC0264346B8}.Release|Any CPU.ActiveCfg = Release|Any CPU
		{A3D2ADC4-6159-4C11-90DF-DCC0264346B8}.Release|Any CPU.Build.0 = Release|Any CPU
		{0AA0392E-4454-4F1B-9FA9-90733668A655}.Debug|Any CPU.ActiveCfg = Debug|Any CPU
		{0AA0392E-4454-4F1B-9FA9-90733668A655}.Debug|Any CPU.Build.0 = Debug|Any CPU
		{0AA0392E-4454-4F1B-9FA9-90733668A655}.Release|Any CPU.ActiveCfg = Release|Any CPU
		{0AA0392E-4454-4F1B-9FA9-90733668A655}.Release|Any CPU.Build.0 = Release|Any CPU
	EndGlobalSection
	GlobalSection(SolutionProperties) = preSolution
		HideSolutionNode = FALSE
	EndGlobalSection
	GlobalSection(ExtensibilityGlobals) = postSolution
		SolutionGuid = {C1AFE41B-5F3A-4547-A7B1-551A827FFC0E}
	EndGlobalSection
EndGlobal
